{
  "name": "Trading-graph",
  "lockfileVersion": 3,
  "requires": true,
  "packages": {
    "": {
      "dependencies": {
        "bonsai": "^0.4.2"
      }
    },
    "node_modules/bonsai": {
      "version": "0.4.2",
      "resolved": "https://registry.npmjs.org/bonsai/-/bonsai-0.4.2.tgz",
      "integrity": "sha512-tvevZpLRAlh7IGptMBPBqv4ILFb9DG2ezkE1t5/LEqGf8EdY9fVaxTkHKezw1BKL8uNEqVraVvB6R9bhtGBDAg==",
      "dependencies": {
        "requirejs": "~2.0"
      },
      "engines": {
        "node": "*"
      }
    },
    "node_modules/requirejs": {
      "version": "2.0.6",
      "resolved": "https://registry.npmjs.org/requirejs/-/requirejs-2.0.6.tgz",
      "integrity": "sha512-4neQgVQFOPhtArNZe4/N6AO3/nhfuH1Ksr9WSMEKWNa8j0qoUSzgyeU1bhy2rpCFDrFX5zPDXHVgeDJW33vq2A==",
      "bin": {
        "r.js": "bin/r.js"
      },
      "engines": {
        "node": ">=0.4.0"
      }
    }
  }
}
